{
  "name": "src",
  "version": "1.0.0",
  "lockfileVersion": 1,
  "requires": true,
  "dependencies": {
    "entities": {
      "version": "1.1.2",
      "resolved": "https://registry.npm.taobao.org/entities/download/entities-1.1.2.tgz",
      "integrity": "sha1-vfpzUplmTfr9NFKe1PhSKidf6lY="
    },
    "hanzi-writer": {
      "version": "2.0.2",
      "resolved": "https://registry.npm.taobao.org/hanzi-writer/download/hanzi-writer-2.0.2.tgz",
      "integrity": "sha1-wYrPiVB+xT27MPBsYqWlKV+B/30="
    },
    "hanzi-writer-miniprogram": {
      "version": "1.0.2",
      "resolved": "https://registry.npm.taobao.org/hanzi-writer-miniprogram/download/hanzi-writer-miniprogram-1.0.2.tgz",
      "integrity": "sha1-JEXAKloBEeWSeEMspZm7jjsf2vU=",
      "requires": {
        "hanzi-writer": "^2.0.2"
      }
    },
    "rss-parser": {
      "version": "3.7.1",
      "resolved": "https://registry.npm.taobao.org/rss-parser/download/rss-parser-3.7.1.tgz",
      "integrity": "sha1-htFdHIS4YNGv8cAKIUknip/mTAs=",
      "requires": {
        "entities": "^1.1.1",
        "xml2js": "^0.4.19"
      }
    },
    "sax": {
      "version": "1.2.4",
      "resolved": "https://registry.npm.taobao.org/sax/download/sax-1.2.4.tgz",
      "integrity": "sha1-KBYjTiN4vdxOU1T6tcqold9xANk="
    },
    "xml2js": {
      "version": "0.4.19",
      "resolved": "https://registry.npm.taobao.org/xml2js/download/xml2js-0.4.19.tgz?cache=0&other_urls=https%3A%2F%2Fregistry.npm.taobao.org%2Fxml2js%2Fdownload%2Fxml2js-0.4.19.tgz",
      "integrity": "sha1-aGwg8hMgnpSr8NG88e+qKRx4J6c=",
      "requires": {
        "sax": ">=0.6.0",
        "xmlbuilder": "~9.0.1"
      }
    },
    "xmlbuilder": {
      "version": "9.0.7",
      "resolved": "https://registry.npm.taobao.org/xmlbuilder/download/xmlbuilder-9.0.7.tgz",
      "integrity": "sha1-Ey7mPS7FVlxVfiD0wi35rKaGsQ0="
    }
  }
}
